// !$*UTF8*$!
{
	archiveVersion = 1;
	classes = {
	};
	objectVersion = 50;
	objects = {

/* Begin PBXBuildFile section */
		F2E93CC024C8130A00877A8A /* Assets.xcassets in Resources */ = {isa = PBXBuildFile; fileRef = F2E93CBF24C8130A00877A8A /* Assets.xcassets */; };
		F2E93CC324C8130A00877A8A /* Main.storyboard in Resources */ = {isa = PBXBuildFile; fileRef = F2E93CC124C8130A00877A8A /* Main.storyboard */; };
		F2E93CCE24C8132C00877A8A /* main.cpp in Sources */ = {isa = PBXBuildFile; fileRef = F2E93CCD24C8132C00877A8A /* main.cpp */; };
		F2E93CD124C8134600877A8A /* OpenGL.framework in Frameworks */ = {isa = PBXBuildFile; fileRef = F2E93CD024C8134600877A8A /* OpenGL.framework */; };
		F2E93CD324C8134E00877A8A /* GLUT.framework in Frameworks */ = {isa = PBXBuildFile; fileRef = F2E93CD224C8134E00877A8A /* GLUT.framework */; };
		F2E93CD524C8135600877A8A /* libGLTools.a in Frameworks */ = {isa = PBXBuildFile; fileRef = F2E93CD424C8135600877A8A /* libGLTools.a */; };
		F2E93CEA24C8399300877A8A /* floor.tga in Resources */ = {isa = PBXBuildFile; fileRef = F2E93CE624C8399300877A8A /* floor.tga */; };
		F2E93CEB24C8399300877A8A /* ceiling.tga in Resources */ = {isa = PBXBuildFile; fileRef = F2E93CE724C8399300877A8A /* ceiling.tga */; };
		F2E93CEC24C8399300877A8A /* stone.tga in Resources */ = {isa = PBXBuildFile; fileRef = F2E93CE824C8399300877A8A /* stone.tga */; };
		F2E93CED24C8399300877A8A /* brick.tga in Resources */ = {isa = PBXBuildFile; fileRef = F2E93CE924C8399300877A8A /* brick.tga */; };
/* End PBXBuildFile section */

/* Begin PBXFileReference section */
		F2E93CB624C8130800877A8A /* OpenGL_Tunnel.app */ = {isa = PBXFileReference; explicitFileType = wrapper.application; includeInIndex = 0; path = OpenGL_Tunnel.app; sourceTree = BUILT_PRODUCTS_DIR; };
		F2E93CBF24C8130A00877A8A /* Assets.xcassets */ = {isa = PBXFileReference; lastKnownFileType = folder.assetcatalog; path = Assets.xcassets; sourceTree = "<group>"; };
		F2E93CC224C8130A00877A8A /* Base */ = {isa = PBXFileReference; lastKnownFileType = file.storyboard; name = Base; path = Base.lproj/Main.storyboard; sourceTree = "<group>"; };
		F2E93CC424C8130A00877A8A /* Info.plist */ = {isa = PBXFileReference; lastKnownFileType = text.plist.xml; path = Info.plist; sourceTree = "<group>"; };
		F2E93CC724C8130A00877A8A /* OpenGL_Tunnel.entitlements */ = {isa = PBXFileReference; lastKnownFileType = text.plist.entitlements; path = OpenGL_Tunnel.entitlements; sourceTree = "<group>"; };
		F2E93CCD24C8132C00877A8A /* main.cpp */ = {isa = PBXFileReference; lastKnownFileType = sourcecode.cpp.cpp; path = main.cpp; sourceTree = "<group>"; };
		F2E93CD024C8134600877A8A /* OpenGL.framework */ = {isa = PBXFileReference; lastKnownFileType = wrapper.framework; name = OpenGL.framework; path = System/Library/Frameworks/OpenGL.framework; sourceTree = SDKROOT; };
		F2E93CD224C8134E00877A8A /* GLUT.framework */ = {isa = PBXFileReference; lastKnownFileType = wrapper.framework; name = GLUT.framework; path = System/Library/Frameworks/GLUT.framework; sourceTree = SDKROOT; };
		F2E93CD424C8135600877A8A /* libGLTools.a */ = {isa = PBXFileReference; lastKnownFileType = archive.ar; path = libGLTools.a; sourceTree = "<group>"; };
		F2E93CD724C8136500877A8A /* GLBatchBase.h */ = {isa = PBXFileReference; fileEncoding = 4; lastKnownFileType = sourcecode.c.h; path = GLBatchBase.h; sourceTree = "<group>"; };
		F2E93CD824C8136500877A8A /* math3d.h */ = {isa = PBXFileReference; fileEncoding = 4; lastKnownFileType = sourcecode.c.h; path = math3d.h; sourceTree = "<group>"; };
		F2E93CD924C8136500877A8A /* GLTriangleBatch.h */ = {isa = PBXFileReference; fileEncoding = 4; lastKnownFileType = sourcecode.c.h; path = GLTriangleBatch.h; sourceTree = "<group>"; };
		F2E93CDA24C8136500877A8A /* GLBatch.h */ = {isa = PBXFileReference; fileEncoding = 4; lastKnownFileType = sourcecode.c.h; path = GLBatch.h; sourceTree = "<group>"; };
		F2E93CDB24C8136500877A8A /* GLMatrixStack.h */ = {isa = PBXFileReference; fileEncoding = 4; lastKnownFileType = sourcecode.c.h; path = GLMatrixStack.h; sourceTree = "<group>"; };
		F2E93CDC24C8136500877A8A /* GLFrame.h */ = {isa = PBXFileReference; fileEncoding = 4; lastKnownFileType = sourcecode.c.h; path = GLFrame.h; sourceTree = "<group>"; };
		F2E93CDD24C8136500877A8A /* GLFrustum.h */ = {isa = PBXFileReference; fileEncoding = 4; lastKnownFileType = sourcecode.c.h; path = GLFrustum.h; sourceTree = "<group>"; };
		F2E93CDE24C8136500877A8A /* GLGeometryTransform.h */ = {isa = PBXFileReference; fileEncoding = 4; lastKnownFileType = sourcecode.c.h; path = GLGeometryTransform.h; sourceTree = "<group>"; };
		F2E93CDF24C8136500877A8A /* GLShaderManager.h */ = {isa = PBXFileReference; fileEncoding = 4; lastKnownFileType = sourcecode.c.h; path = GLShaderManager.h; sourceTree = "<group>"; };
		F2E93CE024C8136500877A8A /* StopWatch.h */ = {isa = PBXFileReference; fileEncoding = 4; lastKnownFileType = sourcecode.c.h; path = StopWatch.h; sourceTree = "<group>"; };
		F2E93CE224C8136500877A8A /* glxew.h */ = {isa = PBXFileReference; fileEncoding = 4; lastKnownFileType = sourcecode.c.h; path = glxew.h; sourceTree = "<group>"; };
		F2E93CE324C8136500877A8A /* wglew.h */ = {isa = PBXFileReference; fileEncoding = 4; lastKnownFileType = sourcecode.c.h; path = wglew.h; sourceTree = "<group>"; };
		F2E93CE424C8136500877A8A /* glew.h */ = {isa = PBXFileReference; fileEncoding = 4; lastKnownFileType = sourcecode.c.h; path = glew.h; sourceTree = "<group>"; };
		F2E93CE524C8136500877A8A /* GLTools.h */ = {isa = PBXFileReference; fileEncoding = 4; lastKnownFileType = sourcecode.c.h; path = GLTools.h; sourceTree = "<group>"; };
		F2E93CE624C8399300877A8A /* floor.tga */ = {isa = PBXFileReference; lastKnownFileType = file; path = floor.tga; sourceTree = "<group>"; };
		F2E93CE724C8399300877A8A /* ceiling.tga */ = {isa = PBXFileReference; lastKnownFileType = file; path = ceiling.tga; sourceTree = "<group>"; };
		F2E93CE824C8399300877A8A /* stone.tga */ = {isa = PBXFileReference; lastKnownFileType = file; path = stone.tga; sourceTree = "<group>"; };
		F2E93CE924C8399300877A8A /* brick.tga */ = {isa = PBXFileReference; lastKnownFileType = file; path = brick.tga; sourceTree = "<group>"; };
/* End PBXFileReference section */

/* Begin PBXFrameworksBuildPhase section */
		F2E93CB324C8130800877A8A /* Frameworks */ = {
			isa = PBXFrameworksBuildPhase;
			buildActionMask = 2147483647;
			files = (
				F2E93CD524C8135600877A8A /* libGLTools.a in Frameworks */,
				F2E93CD324C8134E00877A8A /* GLUT.framework in Frameworks */,
				F2E93CD124C8134600877A8A /* OpenGL.framework in Frameworks */,
			);
			runOnlyForDeploymentPostprocessing = 0;
		};
/* End PBXFrameworksBuildPhase section */

/* Begin PBXGroup section */
		F2E93CAD24C8130800877A8A = {
			isa = PBXGroup;
			children = (
				F2E93CB824C8130800877A8A /* OpenGL_Tunnel */,
				F2E93CB724C8130800877A8A /* Products */,
				F2E93CCF24C8134600877A8A /* Frameworks */,
			);
			sourceTree = "<group>";
		};
		F2E93CB724C8130800877A8A /* Products */ = {
			isa = PBXGroup;
			children = (
				F2E93CB624C8130800877A8A /* OpenGL_Tunnel.app */,
			);
			name = Products;
			sourceTree = "<group>";
		};
		F2E93CB824C8130800877A8A /* OpenGL_Tunnel */ = {
			isa = PBXGroup;
			children = (
				F2E93CE924C8399300877A8A /* brick.tga */,
				F2E93CE724C8399300877A8A /* ceiling.tga */,
				F2E93CE624C8399300877A8A /* floor.tga */,
				F2E93CE824C8399300877A8A /* stone.tga */,
				F2E93CD624C8136500877A8A /* include */,
				F2E93CBF24C8130A00877A8A /* Assets.xcassets */,
				F2E93CC124C8130A00877A8A /* Main.storyboard */,
				F2E93CC424C8130A00877A8A /* Info.plist */,
				F2E93CC724C8130A00877A8A /* OpenGL_Tunnel.entitlements */,
				F2E93CCD24C8132C00877A8A /* main.cpp */,
			);
			path = OpenGL_Tunnel;
			sourceTree = "<group>";
		};
		F2E93CCF24C8134600877A8A /* Frameworks */ = {
			isa = PBXGroup;
			children = (
				F2E93CD424C8135600877A8A /* libGLTools.a */,
				F2E93CD224C8134E00877A8A /* GLUT.framework */,
				F2E93CD024C8134600877A8A /* OpenGL.framework */,
			);
			name = Frameworks;
			sourceTree = "<group>";
		};
		F2E93CD624C8136500877A8A /* include */ = {
			isa = PBXGroup;
			children = (
				F2E93CD724C8136500877A8A /* GLBatchBase.h */,
				F2E93CD824C8136500877A8A /* math3d.h */,
				F2E93CD924C8136500877A8A /* GLTriangleBatch.h */,
				F2E93CDA24C8136500877A8A /* GLBatch.h */,
				F2E93CDB24C8136500877A8A /* GLMatrixStack.h */,
				F2E93CDC24C8136500877A8A /* GLFrame.h */,
				F2E93CDD24C8136500877A8A /* GLFrustum.h */,
				F2E93CDE24C8136500877A8A /* GLGeometryTransform.h */,
				F2E93CDF24C8136500877A8A /* GLShaderManager.h */,
				F2E93CE024C8136500877A8A /* StopWatch.h */,
				F2E93CE124C8136500877A8A /* GL */,
				F2E93CE524C8136500877A8A /* GLTools.h */,
			);
			path = include;
			sourceTree = "<group>";
		};
		F2E93CE124C8136500877A8A /* GL */ = {
			isa = PBXGroup;
			children = (
				F2E93CE224C8136500877A8A /* glxew.h */,
				F2E93CE324C8136500877A8A /* wglew.h */,
				F2E93CE424C8136500877A8A /* glew.h */,
			);
			path = GL;
			sourceTree = "<group>";
		};
/* End PBXGroup section */

/* Begin PBXNativeTarget section */
		F2E93CB524C8130800877A8A /* OpenGL_Tunnel */ = {
			isa = PBXNativeTarget;
			buildConfigurationList = F2E93CCA24C8130A00877A8A /* Build configuration list for PBXNativeTarget "OpenGL_Tunnel" */;
			buildPhases = (
				F2E93CB224C8130800877A8A /* Sources */,
				F2E93CB324C8130800877A8A /* Frameworks */,
				F2E93CB424C8130800877A8A /* Resources */,
			);
			buildRules = (
			);
			dependencies = (
			);
			name = OpenGL_Tunnel;
			productName = OpenGL_Tunnel;
			productReference = F2E93CB624C8130800877A8A /* OpenGL_Tunnel.app */;
			productType = "com.apple.product-type.application";
		};
/* End PBXNativeTarget section */

/* Begin PBXProject section */
		F2E93CAE24C8130800877A8A /* Project object */ = {
			isa = PBXProject;
			attributes = {
				LastUpgradeCheck = 1150;
				ORGANIZATIONNAME = yuanfangzhuye;
				TargetAttributes = {
					F2E93CB524C8130800877A8A = {
						CreatedOnToolsVersion = 11.5;
					};
				};
			};
			buildConfigurationList = F2E93CB124C8130800877A8A /* Build configuration list for PBXProject "OpenGL_Tunnel" */;
			compatibilityVersion = "Xcode 9.3";
			developmentRegion = en;
			hasScannedForEncodings = 0;
			knownRegions = (
				en,
				Base,
			);
			mainGroup = F2E93CAD24C8130800877A8A;
			productRefGroup = F2E93CB724C8130800877A8A /* Products */;
			projectDirPath = "";
			projectRoot = "";
			targets = (
				F2E93CB524C8130800877A8A /* OpenGL_Tunnel */,
			);
		};
/* End PBXProject section */

/* Begin PBXResourcesBuildPhase section */
		F2E93CB424C8130800877A8A /* Resources */ = {
			isa = PBXResourcesBuildPhase;
			buildActionMask = 2147483647;
			files = (
				F2E93CEC24C8399300877A8A /* stone.tga in Resources */,
				F2E93CEB24C8399300877A8A /* ceiling.tga in Resources */,
				F2E93CED24C8399300877A8A /* brick.tga in Resources */,
				F2E93CEA24C8399300877A8A /* floor.tga in Resources */,
				F2E93CC024C8130A00877A8A /* Assets.xcassets in Resources */,
				F2E93CC324C8130A00877A8A /* Main.storyboard in Resources */,
			);
			runOnlyForDeploymentPostprocessing = 0;
		};
/* End PBXResourcesBuildPhase section */

/* Begin PBXSourcesBuildPhase section */
		F2E93CB224C8130800877A8A /* Sources */ = {
			isa = PBXSourcesBuildPhase;
			buildActionMask = 2147483647;
			files = (
				F2E93CCE24C8132C00877A8A /* main.cpp in Sources */,
			);
			runOnlyForDeploymentPostprocessing = 0;
		};
/* End PBXSourcesBuildPhase section */

/* Begin PBXVariantGroup section */
		F2E93CC124C8130A00877A8A /* Main.storyboard */ = {
			isa = PBXVariantGroup;
			children = (
				F2E93CC224C8130A00877A8A /* Base */,
			);
			name = Main.storyboard;
			sourceTree = "<group>";
		};
/* End PBXVariantGroup section */

/* Begin XCBuildConfiguration section */
		F2E93CC824C8130A00877A8A /* Debug */ = {
			isa = XCBuildConfiguration;
			buildSettings = {
				ALWAYS_SEARCH_USER_PATHS = NO;
				CLANG_ANALYZER_NONNULL = YES;
				CLANG_ANALYZER_NUMBER_OBJECT_CONVERSION = YES_AGGRESSIVE;
				CLANG_CXX_LANGUAGE_STANDARD = "gnu++14";
				CLANG_CXX_LIBRARY = "libc++";
				CLANG_ENABLE_MODULES = YES;
				CLANG_ENABLE_OBJC_ARC = YES;
				CLANG_ENABLE_OBJC_WEAK = YES;
				CLANG_WARN_BLOCK_CAPTURE_AUTORELEASING = YES;
				CLANG_WARN_BOOL_CONVERSION = YES;
				CLANG_WARN_COMMA = YES;
				CLANG_WARN_CONSTANT_CONVERSION = YES;
				CLANG_WARN_DEPRECATED_OBJC_IMPLEMENTATIONS = YES;
				CLANG_WARN_DIRECT_OBJC_ISA_USAGE = YES_ERROR;
				CLANG_WARN_DOCUMENTATION_COMMENTS = YES;
				CLANG_WARN_EMPTY_BODY = YES;
				CLANG_WARN_ENUM_CONVERSION = YES;
				CLANG_WARN_INFINITE_RECURSION = YES;
				CLANG_WARN_INT_CONVERSION = YES;
				CLANG_WARN_NON_LITERAL_NULL_CONVERSION = YES;
				CLANG_WARN_OBJC_IMPLICIT_RETAIN_SELF = YES;
				CLANG_WARN_OBJC_LITERAL_CONVERSION = YES;
				CLANG_WARN_OBJC_ROOT_CLASS = YES_ERROR;
				CLANG_WARN_RANGE_LOOP_ANALYSIS = YES;
				CLANG_WARN_STRICT_PROTOTYPES = YES;
				CLANG_WARN_SUSPICIOUS_MOVE = YES;
				CLANG_WARN_UNGUARDED_AVAILABILITY = YES_AGGRESSIVE;
				CLANG_WARN_UNREACHABLE_CODE = YES;
				CLANG_WARN__DUPLICATE_METHOD_MATCH = YES;
				COPY_PHASE_STRIP = NO;
				DEBUG_INFORMATION_FORMAT = dwarf;
				ENABLE_STRICT_OBJC_MSGSEND = YES;
				ENABLE_TESTABILITY = YES;
				GCC_C_LANGUAGE_STANDARD = gnu11;
				GCC_DYNAMIC_NO_PIC = NO;
				GCC_NO_COMMON_BLOCKS = YES;
				GCC_OPTIMIZATION_LEVEL = 0;
				GCC_PREPROCESSOR_DEFINITIONS = (
					"DEBUG=1",
					"$(inherited)",
				);
				GCC_WARN_64_TO_32_BIT_CONVERSION = YES;
				GCC_WARN_ABOUT_RETURN_TYPE = YES_ERROR;
				GCC_WARN_UNDECLARED_SELECTOR = YES;
				GCC_WARN_UNINITIALIZED_AUTOS = YES_AGGRESSIVE;
				GCC_WARN_UNUSED_FUNCTION = YES;
				GCC_WARN_UNUSED_VARIABLE = YES;
				MACOSX_DEPLOYMENT_TARGET = 10.15;
				MTL_ENABLE_DEBUG_INFO = INCLUDE_SOURCE;
				MTL_FAST_MATH = YES;
				ONLY_ACTIVE_ARCH = YES;
				SDKROOT = macosx;
			};
			name = Debug;
		};
		F2E93CC924C8130A00877A8A /* Release */ = {
			isa = XCBuildConfiguration;
			buildSettings = {
				ALWAYS_SEARCH_USER_PATHS = NO;
				CLANG_ANALYZER_NONNULL = YES;
				CLANG_ANALYZER_NUMBER_OBJECT_CONVERSION = YES_AGGRESSIVE;
				CLANG_CXX_LANGUAGE_STANDARD = "gnu++14";
				CLANG_CXX_LIBRARY = "libc++";
				CLANG_ENABLE_MODULES = YES;
				CLANG_ENABLE_OBJC_ARC = YES;
				CLANG_ENABLE_OBJC_WEAK = YES;
				CLANG_WARN_BLOCK_CAPTURE_AUTORELEASING = YES;
				CLANG_WARN_BOOL_CONVERSION = YES;
				CLANG_WARN_COMMA = YES;
				CLANG_WARN_CONSTANT_CONVERSION = YES;
				CLANG_WARN_DEPRECATED_OBJC_IMPLEMENTATIONS = YES;
				CLANG_WARN_DIRECT_OBJC_ISA_USAGE = YES_ERROR;
				CLANG_WARN_DOCUMENTATION_COMMENTS = YES;
				CLANG_WARN_EMPTY_BODY = YES;
				CLANG_WARN_ENUM_CONVERSION = YES;
				CLANG_WARN_INFINITE_RECURSION = YES;
				CLANG_WARN_INT_CONVERSION = YES;
				CLANG_WARN_NON_LITERAL_NULL_CONVERSION = YES;
				CLANG_WARN_OBJC_IMPLICIT_RETAIN_SELF = YES;
				CLANG_WARN_OBJC_LITERAL_CONVERSION = YES;
				CLANG_WARN_OBJC_ROOT_CLASS = YES_ERROR;
				CLANG_WARN_RANGE_LOOP_ANALYSIS = YES;
				CLANG_WARN_STRICT_PROTOTYPES = YES;
				CLANG_WARN_SUSPICIOUS_MOVE = YES;
				CLANG_WARN_UNGUARDED_AVAILABILITY = YES_AGGRESSIVE;
				CLANG_WARN_UNREACHABLE_CODE = YES;
				CLANG_WARN__DUPLICATE_METHOD_MATCH = YES;
				COPY_PHASE_STRIP = NO;
				DEBUG_INFORMATION_FORMAT = "dwarf-with-dsym";
				ENABLE_NS_ASSERTIONS = NO;
				ENABLE_STRICT_OBJC_MSGSEND = YES;
				GCC_C_LANGUAGE_STANDARD = gnu11;
				GCC_NO_COMMON_BLOCKS = YES;
				GCC_WARN_64_TO_32_BIT_CONVERSION = YES;
				GCC_WARN_ABOUT_RETURN_TYPE = YES_ERROR;
				GCC_WARN_UNDECLARED_SELECTOR = YES;
				GCC_WARN_UNINITIALIZED_AUTOS = YES_AGGRESSIVE;
				GCC_WARN_UNUSED_FUNCTION = YES;
				GCC_WARN_UNUSED_VARIABLE = YES;
				MACOSX_DEPLOYMENT_TARGET = 10.15;
				MTL_ENABLE_DEBUG_INFO = NO;
				MTL_FAST_MATH = YES;
				SDKROOT = macosx;
			};
			name = Release;
		};
		F2E93CCB24C8130A00877A8A /* Debug */ = {
			isa = XCBuildConfiguration;
			buildSettings = {
				ASSETCATALOG_COMPILER_APPICON_NAME = AppIcon;
				CODE_SIGN_ENTITLEMENTS = OpenGL_Tunnel/OpenGL_Tunnel.entitlements;
				CODE_SIGN_STYLE = Automatic;
				COMBINE_HIDPI_IMAGES = YES;
				INFOPLIST_FILE = OpenGL_Tunnel/Info.plist;
				LD_RUNPATH_SEARCH_PATHS = (
					"$(inherited)",
					"@executable_path/../Frameworks",
				);
				LIBRARY_SEARCH_PATHS = (
					"$(inherited)",
					"$(PROJECT_DIR)",
				);
				PRODUCT_BUNDLE_IDENTIFIER = cn.com.yuanfangzhuye;
				PRODUCT_NAME = "$(TARGET_NAME)";
			};
			name = Debug;
		};
		F2E93CCC24C8130A00877A8A /* Release */ = {
			isa = XCBuildConfiguration;
			buildSettings = {
				ASSETCATALOG_COMPILER_APPICON_NAME = AppIcon;
				CODE_SIGN_ENTITLEMENTS = OpenGL_Tunnel/OpenGL_Tunnel.entitlements;
				CODE_SIGN_STYLE = Automatic;
				COMBINE_HIDPI_IMAGES = YES;
				INFOPLIST_FILE = OpenGL_Tunnel/Info.plist;
				LD_RUNPATH_SEARCH_PATHS = (
					"$(inherited)",
					"@executable_path/../Frameworks",
				);
				LIBRARY_SEARCH_PATHS = (
					"$(inherited)",
					"$(PROJECT_DIR)",
				);
				PRODUCT_BUNDLE_IDENTIFIER = cn.com.yuanfangzhuye;
				PRODUCT_NAME = "$(TARGET_NAME)";
			};
			name = Release;
		};
/* End XCBuildConfiguration section */

/* Begin XCConfigurationList section */
		F2E93CB124C8130800877A8A /* Build configuration list for PBXProject "OpenGL_Tunnel" */ = {
			isa = XCConfigurationList;
			buildConfigurations = (
				F2E93CC824C8130A00877A8A /* Debug */,
				F2E93CC924C8130A00877A8A /* Release */,
			);
			defaultConfigurationIsVisible = 0;
			defaultConfigurationName = Release;
		};
		F2E93CCA24C8130A00877A8A /* Build configuration list for PBXNativeTarget "OpenGL_Tunnel" */ = {
			isa = XCConfigurationList;
			buildConfigurations = (
				F2E93CCB24C8130A00877A8A /* Debug */,
				F2E93CCC24C8130A00877A8A /* Release */,
			);
			defaultConfigurationIsVisible = 0;
			defaultConfigurationName = Release;
		};
/* End XCConfigurationList section */
	};
	rootObject = F2E93CAE24C8130800877A8A /* Project object */;
}
